%{"acceptor_pool": {:hex, :acceptor_pool, "1.0.0-rc.0", "679d741df87fc13599b1aef2df8f78f1f880449a6befab7c44fb6fae0e92a2de", [:rebar3], [], "hexpm"},
  "basho_stats": {:git, "git://github.com/basho/basho_stats.git", "19c532af235ae675439d491b329c55c2f9b02deb", [tag: "1.0.3"]},
  "bear": {:git, "git://github.com/basho/bear.git", "da820a13c607c3f816ee8b83c587266da5389761", [tag: "0.1.3p1"]},
  "bunt": {:hex, :bunt, "0.2.0", "951c6e801e8b1d2cbe58ebbd3e616a869061ddadcc4863d0a2182541acae9a38", [], [], "hexpm"},
  "connection": {:hex, :connection, "1.0.4", "a1cae72211f0eef17705aaededacac3eb30e6625b04a6117c1b2db6ace7d5976", [:mix], [], "hexpm"},
  "cowboy": {:git, "https://github.com/ninenines/cowboy.git", "d8cdd9bd15e76dca3014f6f76c0ab6666b1dbda3", [ref: "2.0.0-pre.7"]},
  "cowlib": {:git, "https://github.com/ninenines/cowlib.git", "15750e632d9886eb9bfc876ba03402464b8facb3", [ref: "master"]},
  "credo": {:hex, :credo, "0.8.7", "b1aad9cd3aa7acdbaea49765bfc9f1605dc4555023a037dc9ea7a70539615bc8", [], [{:bunt, "~> 0.2.0", [hex: :bunt, repo: "hexpm", optional: false]}], "hexpm"},
  "cuttlefish": {:git, "git://github.com/basho/cuttlefish.git", "b2ce0b15687f97259031f9f42e25ae52cdee3bab", [tag: "2.0.0"]},
  "db_connection": {:hex, :db_connection, "1.1.2", "2865c2a4bae0714e2213a0ce60a1b12d76a6efba0c51fbda59c9ab8d1accc7a8", [:mix], [{:connection, "~> 1.0.2", [hex: :connection, repo: "hexpm", optional: false]}, {:poolboy, "~> 1.5", [hex: :poolboy, repo: "hexpm", optional: true]}, {:sbroker, "~> 1.0", [hex: :sbroker, repo: "hexpm", optional: true]}], "hexpm"},
  "decimal": {:hex, :decimal, "1.4.0", "fac965ce71a46aab53d3a6ce45662806bdd708a4a95a65cde8a12eb0124a1333", [:mix], [], "hexpm"},
  "druuid": {:hex, :druuid, "0.3.0", "fc537b609ff33f4ee651f8226acef14f200689a0a7d0a4b1d5cf4c463cd7124c", [:mix], []},
  "eleveldb": {:hex, :eleveldb, "2.2.20", "1fff63a5055bbf4bf821f797ef76065882b193f5e8095f95fcd9287187773b58", [:rebar3], [], "hexpm"},
  "erocksdb": {:hex, :erocksdb, "0.4.1", "59a3258b1460d0e64f7575d912d9af86fa5aa56729abff18e4d3e4fd4a5e01e0", [:rebar3], []},
  "exleveldb": {:hex, :exleveldb, "0.11.0", "e3d1b3ee2420f5bfea088068e0c63c0bb0cd5651da899fd5269c4c0127c87e2c", [:mix], [{:eleveldb, "~> 2.2.19", [hex: :eleveldb, repo: "hexpm", optional: false]}], "hexpm"},
  "folsom": {:git, "git://github.com/basho/folsom.git", "e80bd013c8ea906c4f14cba38b92e95116415e23", [tag: "0.7.4p4"]},
  "gen_flow": {:hex, :gen_flow, "0.0.3", "639f5c3f52dc3f7459542de3f72d5bff11eb7db8fb055657a3011f9a70fcf0d7", [:rebar3], [], "hexpm"},
  "gen_state_machine": {:hex, :gen_state_machine, "2.0.1", "85efd5a0376929c3a4246dd943e17564a2908c7ddd7acd242d84594e785d83f8", [:mix], [], "hexpm"},
  "getopt": {:git, "git://github.com/jcomellas/getopt.git", "659a28f4145bc9843598972854299dc4ea77e4cb", [tag: "v0.4.3"]},
  "goldrush": {:hex, :goldrush, "0.1.9", "f06e5d5f1277da5c413e84d5a2924174182fb108dabb39d5ec548b27424cd106", [:rebar3], [], "hexpm"},
  "lager": {:hex, :lager, "3.5.1", "63897a61af646c59bb928fee9756ce8bdd02d5a1a2f3551d4a5e38386c2cc071", [:rebar3], [{:goldrush, "0.1.9", [hex: :goldrush, repo: "hexpm", optional: false]}], "hexpm"},
  "lager_logger": {:hex, :lager_logger, "1.0.4", "6b5ccf8cd4836494b5da588e2deedbab17f6703d1f5eb330c0dd918ce1755a56", [:mix], [{:lager, ">= 2.1.0", [hex: :lager, repo: "hexpm", optional: false]}], "hexpm"},
  "lasp": {:hex, :lasp, "0.2.0", "65fc4812716bbcfc7cd04cb67cc908f06034377f7053af0221136b31535b1f4a", [:rebar3], [{:gen_flow, "~>0.0.3", [hex: :gen_flow, repo: "hexpm", optional: false]}, {:lager, "~>3.5", [hex: :lager, repo: "hexpm", optional: false]}, {:lasp_support, "~>0.0.3", [hex: :lasp_support, repo: "hexpm", optional: false]}, {:partisan, "~>0.3.0", [hex: :partisan, repo: "hexpm", optional: false]}, {:plumtree, "~>0.3.0", [hex: :plumtree, repo: "hexpm", optional: false]}, {:rand_compat, "~>0.0.1", [hex: :rand_compat, repo: "hexpm", optional: false]}, {:sext, "~>1.4.0", [hex: :sext, repo: "hexpm", optional: false]}, {:time_compat, "~>0.0.1", [hex: :time_compat, repo: "hexpm", optional: false]}, {:types, "~> 0.1", [hex: :types, repo: "hexpm", optional: false]}], "hexpm"},
  "lasp_pg": {:hex, :lasp_pg, "0.0.1", "ca51064ecfbed5a10aed9690d56ebb0a26111979bbc5452e0cafa5d94a1d0c80", [:rebar3], [{:lasp, "~>0.1.0", [hex: :lasp, repo: "hexpm", optional: false]}, {:types, "~>0.0.6", [hex: :types, repo: "hexpm", optional: false]}], "hexpm"},
  "lasp_support": {:hex, :lasp_support, "0.0.3", "c1b7e1a472037ae82c71d2d16a10b7d644a621b66ae5afe834cecf170f2e9169", [:rebar3], [{:lager, "~>3.5", [hex: :lager, repo: "hexpm", optional: false]}, {:time_compat, "~>0.0.1", [hex: :time_compat, repo: "hexpm", optional: false]}], "hexpm"},
  "libcluster": {:hex, :libcluster, "2.2.3", "fdd7366532799b1a4d4a4cdd113c6d51a593783879a43f862ccfae92423f843f", [:mix], [{:poison, "~> 3.0", [hex: :poison, repo: "hexpm", optional: false]}], "hexpm"},
  "libring": {:hex, :libring, "1.2.1", "8e8a40a71df2f09819d5033781fff922299a2f5f15f1cd391c54938556a85e72", [:mix], [], "hexpm"},
  "meck": {:git, "git://github.com/basho/meck.git", "2b25a30a8688f94106d07f23a9f1fb523ac00f08", [tag: "0.8.1"]},
  "neotoma": {:git, "git://github.com/seancribbs/neotoma.git", "760928ec8870da02eb11bccb501e2700925d06c6", [tag: "1.7.2"]},
  "partisan": {:hex, :partisan, "0.3.0", "10938301af8e67ded9291c61dc6c9221558566d26c6563ff646cabeb0af60356", [:rebar3], [{:acceptor_pool, "~>1.0.0-rc.0", [hex: :acceptor_pool, repo: "hexpm", optional: false]}, {:lager, "~> 3.5", [hex: :lager, repo: "hexpm", optional: false]}, {:rand_compat, "~>0.0.1", [hex: :rand_compat, repo: "hexpm", optional: false]}, {:time_compat, "~>0.0.1", [hex: :time_compat, repo: "hexpm", optional: false]}, {:types, "~> 0.1", [hex: :types, repo: "hexpm", optional: false]}], "hexpm"},
  "pbkdf2": {:git, "git://github.com/basho/erlang-pbkdf2.git", "7076584f5377e98600a7e2cb81980b2992fb2f71", [tag: "2.0.0"]},
  "plumtree": {:hex, :plumtree, "0.3.0", "08dc7de4ad61b3941d28edc339bc2ef48d4c501059ab1b437ce06994160feabf", [:rebar3], [{:lager, "~>3.5", [hex: :lager, repo: "hexpm", optional: false]}, {:lasp_support, "~>0.0", [hex: :lasp_support, repo: "hexpm", optional: false]}, {:partisan, "~>0.3", [hex: :partisan, repo: "hexpm", optional: false]}, {:rand_compat, "~>0.0.1", [hex: :rand_compat, repo: "hexpm", optional: false]}, {:time_compat, "~>0.0.1", [hex: :time_compat, repo: "hexpm", optional: false]}], "hexpm"},
  "poison": {:hex, :poison, "3.1.0", "d9eb636610e096f86f25d9a46f35a9facac35609a7591b3be3326e99a0484665", [:mix], [], "hexpm"},
  "poolboy": {:hex, :poolboy, "1.5.1", "6b46163901cfd0a1b43d692657ed9d7e599853b3b21b95ae5ae0a777cf9b6ca8", [:rebar], [], "hexpm"},
  "postgrex": {:hex, :postgrex, "0.13.3", "c277cfb2a9c5034d445a722494c13359e361d344ef6f25d604c2353185682bfc", [:mix], [{:connection, "~> 1.0", [hex: :connection, repo: "hexpm", optional: false]}, {:db_connection, "~> 1.1", [hex: :db_connection, repo: "hexpm", optional: false]}, {:decimal, "~> 1.0", [hex: :decimal, repo: "hexpm", optional: false]}], "hexpm"},
  "ranch": {:git, "https://github.com/ninenines/ranch", "40809cd2b257a8a53bcb5588ecaa88cc5381ff5c", [ref: "1.3.0"]},
  "rand_compat": {:hex, :rand_compat, "0.0.1", "624b590931d27252d0bcf710211699db3695540706f57d2e91b918a17ab58839", [:rebar3], [], "hexpm"},
  "rebar_lock_deps_plugin": {:git, "https://github.com/lukyanov/rebar-lock-deps.git", "58366997aaa3b9f0876b10c4421b64c2f73150cd", [branch: "master"]},
  "riak_core": {:git, "git://github.com/basho/riak_core", "8a0d80547fe8ee2fb95f7f657050e4232fe92612", [ref: "master"]},
  "riak_dt": {:git, "git://github.com/basho/riak_dt", "92c9c1bc6dd470cca878c40cb5a8120ac5d7f08a", [ref: "develop"]},
  "riak_ensemble": {:git, "git://github.com/basho/riak_ensemble", "e0652c64cda9355dc429f4a4c3747c5fdf017722", [tag: "2.0.0"]},
  "riak_pg": {:git, "https://github.com/cmeiklejohn/riak_pg.git", "a3d0640f12691b5657fe5dbf94ff7365ac1652b2", []},
  "riak_sysmon": {:git, "git://github.com/basho/riak_sysmon.git", "8362bc1046c8f5c749b1f6e61eb9571b0d5a5f47", [tag: "2.0.0"]},
  "rocksdb": {:hex, :rocksdb, "0.7.0", "3098c613eea74b99d0192f19fa83baf04a39c2a449350b258ed951feff56f3e6", [:rebar3], []},
  "rox": {:git, "https://github.com/leo-project/erocksdb.git", "5d7dd0be1b7e8aea0eee3f1d75208482722adbdc", []},
  "rustler": {:hex, :rustler, "0.9.0", "6fa87ac78f48f70aa8ecfb6e16b8af41c398989d33de41d292b5581d6a2eeb5a", [:mix], []},
  "sext": {:hex, :sext, "1.4.0", "2a9443a90c3164231a5e11c73133c4b1762b27fbf1647aa0de06ef565c47b38b", [:rebar3], [], "hexpm"},
  "swarm": {:hex, :swarm, "3.0.5", "c54ead44ca5f879959899f325f0e6b904e1a219faecb24ca4e55aad1fe38fecc", [:mix], [{:gen_state_machine, "~> 2.0", [hex: :gen_state_machine, repo: "hexpm", optional: false]}, {:libring, "~> 1.0", [hex: :libring, repo: "hexpm", optional: false]}], "hexpm"},
  "time_compat": {:hex, :time_compat, "0.0.1", "23fe0ad1fdf3b5b88821b2d04b4b5e865bf587ae66056d671fe0f53514ed8139", [:rebar3], [], "hexpm"},
  "types": {:hex, :types, "0.1.6", "03bb7140016c896d3441a77cb0b7d6acaa583d6d6e9c4a3e1fd3c25123710290", [:rebar3], [], "hexpm"}}
