%{"acceptor_pool": {:hex, :acceptor_pool, "1.0.0-rc.0", "679d741df87fc13599b1aef2df8f78f1f880449a6befab7c44fb6fae0e92a2de", [:rebar3], []},
  "cowboy": {:git, "https://github.com/ninenines/cowboy.git", "dbb636034f20736e16eb9d6c809217c9525b6cbd", [tag: "2.0.0-pre.3"]},
  "cowlib": {:git, "https://github.com/ninenines/cowlib", "15750e632d9886eb9bfc876ba03402464b8facb3", [ref: "master"]},
  "druuid": {:hex, :druuid, "0.3.0", "fc537b609ff33f4ee651f8226acef14f200689a0a7d0a4b1d5cf4c463cd7124c", [:mix], []},
  "eleveldb": {:hex, :eleveldb, "2.2.20", "1fff63a5055bbf4bf821f797ef76065882b193f5e8095f95fcd9287187773b58", [:rebar3], []},
  "erocksdb": {:hex, :erocksdb, "0.4.1", "59a3258b1460d0e64f7575d912d9af86fa5aa56729abff18e4d3e4fd4a5e01e0", [:rebar3], []},
  "exleveldb": {:hex, :exleveldb, "0.11.0", "e3d1b3ee2420f5bfea088068e0c63c0bb0cd5651da899fd5269c4c0127c87e2c", [:mix], [{:eleveldb, "~> 2.2.19", [hex: :eleveldb, optional: false]}]},
  "gen_flow": {:hex, :gen_flow, "0.0.3", "639f5c3f52dc3f7459542de3f72d5bff11eb7db8fb055657a3011f9a70fcf0d7", [:rebar3], []},
  "goldrush": {:hex, :goldrush, "0.1.9", "f06e5d5f1277da5c413e84d5a2924174182fb108dabb39d5ec548b27424cd106", [:rebar3], []},
  "lager": {:hex, :lager, "3.2.4", "a6deb74dae7927f46bd13255268308ef03eb206ec784a94eaf7c1c0f3b811615", [:rebar3], [{:goldrush, "0.1.9", [hex: :goldrush, optional: false]}]},
  "lasp": {:hex, :lasp, "0.1.0", "6aafae96d3ad581fded9b278e8f39be9330fb9da662d32c1e5f00a8eccd942a5", [:rebar3], [{:gen_flow, "~>0.0.3", [hex: :gen_flow, optional: false]}, {:lager, "~>3.2.4", [hex: :lager, optional: false]}, {:lasp_support, "~>0.0.1", [hex: :lasp_support, optional: false]}, {:partisan, "~>0.2.0", [hex: :partisan, optional: false]}, {:plumtree, "~>0.2.0", [hex: :plumtree, optional: false]}, {:rand_compat, "~>0.0.1", [hex: :rand_compat, optional: false]}, {:sext, "~>1.4.0", [hex: :sext, optional: false]}, {:time_compat, "~>0.0.1", [hex: :time_compat, optional: false]}, {:types, "~>0.0.4", [hex: :types, optional: false]}]},
  "lasp_pg": {:hex, :lasp_pg, "0.0.1", "ca51064ecfbed5a10aed9690d56ebb0a26111979bbc5452e0cafa5d94a1d0c80", [:rebar3], [{:lasp, "~>0.1.0", [hex: :lasp, optional: false]}, {:types, "~>0.0.6", [hex: :types, optional: false]}]},
  "lasp_support": {:hex, :lasp_support, "0.0.1", "28e79936e10c5bfb9b8246ac1f4f8385224d4e1e288f318c6d51c42d277a7a6e", [:rebar3], [{:lager, "3.2.4", [hex: :lager, optional: false]}, {:riak_dt, "2.1.1", [hex: :riak_dt, optional: false]}, {:time_compat, "0.0.1", [hex: :time_compat, optional: false]}]},
  "partisan": {:hex, :partisan, "0.2.2", "196dccb379cc15e3bac1346944203db2aff6cdfc5fb5d278a8fa746524f94d8f", [:rebar3], [{:acceptor_pool, "~>1.0.0-rc.0", [hex: :acceptor_pool, optional: false]}, {:lager, "~>3.2.4", [hex: :lager, optional: false]}, {:rand_compat, "~>0.0.1", [hex: :rand_compat, optional: false]}, {:time_compat, "~>0.0.1", [hex: :time_compat, optional: false]}, {:types, "~>0.0.4", [hex: :types, optional: false]}]},
  "plumtree": {:hex, :plumtree, "0.2.0", "610b850167be9f89156e04f367091c0b2fe56deea8c54d3ec9ab0bf758e622e1", [:rebar3], [{:lager, "~>3.2.4", [hex: :lager, optional: false]}, {:lasp_support, "~>0.0.1", [hex: :lasp_support, optional: false]}, {:partisan, "~>0.2.0", [hex: :partisan, optional: false]}, {:rand_compat, "~>0.0.1", [hex: :rand_compat, optional: false]}, {:time_compat, "~>0.0.1", [hex: :time_compat, optional: false]}]},
  "poison": {:hex, :poison, "3.1.0", "d9eb636610e096f86f25d9a46f35a9facac35609a7591b3be3326e99a0484665", [:mix], []},
  "ranch": {:git, "https://github.com/ninenines/ranch", "741bfb73ca663394ecf7a73410506d66f01985a6", [ref: "1.1.0"]},
  "rand_compat": {:hex, :rand_compat, "0.0.1", "624b590931d27252d0bcf710211699db3695540706f57d2e91b918a17ab58839", [:rebar3], []},
  "riak_dt": {:hex, :riak_dt, "2.1.1", "56b1898a543c561994f5d052fdea972525ca98f46fdb3dcdb7366e4f92ee8f54", [:rebar3], []},
  "rocksdb": {:hex, :rocksdb, "0.7.0", "3098c613eea74b99d0192f19fa83baf04a39c2a449350b258ed951feff56f3e6", [:rebar3], []},
  "rox": {:git, "https://github.com/leo-project/erocksdb.git", "5d7dd0be1b7e8aea0eee3f1d75208482722adbdc", []},
  "rustler": {:hex, :rustler, "0.9.0", "6fa87ac78f48f70aa8ecfb6e16b8af41c398989d33de41d292b5581d6a2eeb5a", [:mix], []},
  "sext": {:hex, :sext, "1.4.0", "2a9443a90c3164231a5e11c73133c4b1762b27fbf1647aa0de06ef565c47b38b", [:rebar3], []},
  "time_compat": {:hex, :time_compat, "0.0.1", "23fe0ad1fdf3b5b88821b2d04b4b5e865bf587ae66056d671fe0f53514ed8139", [:rebar3], []},
  "types": {:hex, :types, "0.0.7", "c6bc3b5ce26939c01d54fa83fd823b36fdb920612f278c23cc2b7e1337a67e55", [:rebar3], []}}
